
Microsoft Visual Studio Solution File, Format Version 12.00
# Visual Studio Version 17
VisualStudioVersion = 17.6.33815.320
MinimumVisualStudioVersion = 10.0.40219.1
Project("{FAE04EC0-301F-11D3-BF4B-00C04F79EFBC}") = "BetaCinema", "BetaCinema\BetaCinema.csproj", "{970A7957-F8E2-427A-9F26-CD552B61F3A2}"
EndProject
Global
	GlobalSection(SolutionConfigurationPlatforms) = preSolution
		Debug|Any CPU = Debug|Any CPU
		Release|Any CPU = Release|Any CPU
	EndGlobalSection
	GlobalSection(ProjectConfigurationPlatforms) = postSolution
		{970A7957-F8E2-427A-9F26-CD552B61F3A2}.Debug|Any CPU.ActiveCfg = Debug|Any CPU
		{970A7957-F8E2-427A-9F26-CD552B61F3A2}.Debug|Any CPU.Build.0 = Debug|Any CPU
		{970A7957-F8E2-427A-9F26-CD552B61F3A2}.Release|Any CPU.ActiveCfg = Release|Any CPU
		{970A7957-F8E2-427A-9F26-CD552B61F3A2}.Release|Any CPU.Build.0 = Release|Any CPU
	EndGlobalSection
	GlobalSection(SolutionProperties) = preSolution
		HideSolutionNode = FALSE
	EndGlobalSection
	GlobalSection(ExtensibilityGlobals) = postSolution
		SolutionGuid = {6A24A557-ACD9-4EB0-887A-1C60FD6C1FD7}
	EndGlobalSection
EndGlobal
